
Microsoft Visual Studio Solution File, Format Version 12.00
# Visual Studio Version 17
VisualStudioVersion = 17.5.002.0
MinimumVisualStudioVersion = 10.0.40219.1
Project("{9A19103F-16F7-4668-BE54-9A1E7A4F7556}") = "Play.Common", "Play.Common.csproj", "{CEE69CA3-0DDD-4807-A684-AB5C4CDF735F}"
EndProject
Global
	GlobalSection(SolutionConfigurationPlatforms) = preSolution
		Debug|Any CPU = Debug|Any CPU
		Release|Any CPU = Release|Any CPU
	EndGlobalSection
	GlobalSection(ProjectConfigurationPlatforms) = postSolution
		{CEE69CA3-0DDD-4807-A684-AB5C4CDF735F}.Debug|Any CPU.ActiveCfg = Debug|Any CPU
		{CEE69CA3-0DDD-4807-A684-AB5C4CDF735F}.Debug|Any CPU.Build.0 = Debug|Any CPU
		{CEE69CA3-0DDD-4807-A684-AB5C4CDF735F}.Release|Any CPU.ActiveCfg = Release|Any CPU
		{CEE69CA3-0DDD-4807-A684-AB5C4CDF735F}.Release|Any CPU.Build.0 = Release|Any CPU
	EndGlobalSection
	GlobalSection(SolutionProperties) = preSolution
		HideSolutionNode = FALSE
	EndGlobalSection
	GlobalSection(ExtensibilityGlobals) = postSolution
		SolutionGuid = {27D33574-727B-4F60-8A18-9FFA871AF527}
	EndGlobalSection
EndGlobal
